
Microsoft Visual Studio Solution File, Format Version 12.00
# Visual Studio Version 16
VisualStudioVersion = 16.0.29519.181
MinimumVisualStudioVersion = 10.0.40219.1
Project("{FAE04EC0-301F-11D3-BF4B-00C04F79EFBC}") = "NewNumberChallenge", "NewNumberChallenge.csproj", "{BC9E3287-C2CD-4DD7-9828-D78E9406EC76}"
EndProject
Global
	GlobalSection(SolutionConfigurationPlatforms) = preSolution
		Debug|Any CPU = Debug|Any CPU
		Release|Any CPU = Release|Any CPU
	EndGlobalSection
	GlobalSection(ProjectConfigurationPlatforms) = postSolution
		{BC9E3287-C2CD-4DD7-9828-D78E9406EC76}.Debug|Any CPU.ActiveCfg = Debug|Any CPU
		{BC9E3287-C2CD-4DD7-9828-D78E9406EC76}.Debug|Any CPU.Build.0 = Debug|Any CPU
		{BC9E3287-C2CD-4DD7-9828-D78E9406EC76}.Release|Any CPU.ActiveCfg = Release|Any CPU
		{BC9E3287-C2CD-4DD7-9828-D78E9406EC76}.Release|Any CPU.Build.0 = Release|Any CPU
	EndGlobalSection
	GlobalSection(SolutionProperties) = preSolution
		HideSolutionNode = FALSE
	EndGlobalSection
	GlobalSection(ExtensibilityGlobals) = postSolution
		SolutionGuid = {1B5C4F6D-0769-4871-8521-B9846D5BE0B3}
	EndGlobalSection
EndGlobal
